// !$*UTF8*$!
{
	archiveVersion = 1;
	classes = {
	};
	objectVersion = 46;
	objects = {

/* Begin PBXBuildFile section */
		140444A71AE7BF5B0050E7FF /* AppDelegate.swift in Sources */ = {isa = PBXBuildFile; fileRef = 140444A61AE7BF5B0050E7FF /* AppDelegate.swift */; };
		140444A91AE7BF5B0050E7FF /* ViewController.swift in Sources */ = {isa = PBXBuildFile; fileRef = 140444A81AE7BF5B0050E7FF /* ViewController.swift */; };
		140444AC1AE7BF5B0050E7FF /* Main.storyboard in Resources */ = {isa = PBXBuildFile; fileRef = 140444AA1AE7BF5B0050E7FF /* Main.storyboard */; };
		140444AE1AE7BF5B0050E7FF /* Images.xcassets in Resources */ = {isa = PBXBuildFile; fileRef = 140444AD1AE7BF5B0050E7FF /* Images.xcassets */; };
		140444B11AE7BF5B0050E7FF /* LaunchScreen.xib in Resources */ = {isa = PBXBuildFile; fileRef = 140444AF1AE7BF5B0050E7FF /* LaunchScreen.xib */; };
		140444BD1AE7BF5B0050E7FF /* swiftLearningTests.swift in Sources */ = {isa = PBXBuildFile; fileRef = 140444BC1AE7BF5B0050E7FF /* swiftLearningTests.swift */; };
/* End PBXBuildFile section */

/* Begin PBXContainerItemProxy section */
		140444B71AE7BF5B0050E7FF /* PBXContainerItemProxy */ = {
			isa = PBXContainerItemProxy;
			containerPortal = 140444991AE7BF5B0050E7FF /* Project object */;
			proxyType = 1;
			remoteGlobalIDString = 140444A01AE7BF5B0050E7FF;
			remoteInfo = swiftLearning;
		};
/* End PBXContainerItemProxy section */

/* Begin PBXFileReference section */
		140444A11AE7BF5B0050E7FF /* swiftLearning.app */ = {isa = PBXFileReference; explicitFileType = wrapper.application; includeInIndex = 0; path = swiftLearning.app; sourceTree = BUILT_PRODUCTS_DIR; };
		140444A51AE7BF5B0050E7FF /* Info.plist */ = {isa = PBXFileReference; lastKnownFileType = text.plist.xml; path = Info.plist; sourceTree = "<group>"; };
		140444A61AE7BF5B0050E7FF /* AppDelegate.swift */ = {isa = PBXFileReference; lastKnownFileType = sourcecode.swift; path = AppDelegate.swift; sourceTree = "<group>"; };
		140444A81AE7BF5B0050E7FF /* ViewController.swift */ = {isa = PBXFileReference; lastKnownFileType = sourcecode.swift; path = ViewController.swift; sourceTree = "<group>"; };
		140444AB1AE7BF5B0050E7FF /* Base */ = {isa = PBXFileReference; lastKnownFileType = file.storyboard; name = Base; path = Base.lproj/Main.storyboard; sourceTree = "<group>"; };
		140444AD1AE7BF5B0050E7FF /* Images.xcassets */ = {isa = PBXFileReference; lastKnownFileType = folder.assetcatalog; path = Images.xcassets; sourceTree = "<group>"; };
		140444B01AE7BF5B0050E7FF /* Base */ = {isa = PBXFileReference; lastKnownFileType = file.xib; name = Base; path = Base.lproj/LaunchScreen.xib; sourceTree = "<group>"; };
		140444B61AE7BF5B0050E7FF /* swiftLearningTests.xctest */ = {isa = PBXFileReference; explicitFileType = wrapper.cfbundle; includeInIndex = 0; path = swiftLearningTests.xctest; sourceTree = BUILT_PRODUCTS_DIR; };
		140444BB1AE7BF5B0050E7FF /* Info.plist */ = {isa = PBXFileReference; lastKnownFileType = text.plist.xml; path = Info.plist; sourceTree = "<group>"; };
		140444BC1AE7BF5B0050E7FF /* swiftLearningTests.swift */ = {isa = PBXFileReference; lastKnownFileType = sourcecode.swift; path = swiftLearningTests.swift; sourceTree = "<group>"; };
/* End PBXFileReference section */

/* Begin PBXFrameworksBuildPhase section */
		1404449E1AE7BF5B0050E7FF /* Frameworks */ = {
			isa = PBXFrameworksBuildPhase;
			buildActionMask = 2147483647;
			files = (
			);
			runOnlyForDeploymentPostprocessing = 0;
		};
		140444B31AE7BF5B0050E7FF /* Frameworks */ = {
			isa = PBXFrameworksBuildPhase;
			buildActionMask = 2147483647;
			files = (
			);
			runOnlyForDeploymentPostprocessing = 0;
		};
/* End PBXFrameworksBuildPhase section */

/* Begin PBXGroup section */
		140444981AE7BF5B0050E7FF = {
			isa = PBXGroup;
			children = (
				140444A31AE7BF5B0050E7FF /* swiftLearning */,
				140444B91AE7BF5B0050E7FF /* swiftLearningTests */,
				140444A21AE7BF5B0050E7FF /* Products */,
			);
			sourceTree = "<group>";
		};
		140444A21AE7BF5B0050E7FF /* Products */ = {
			isa = PBXGroup;
			children = (
				140444A11AE7BF5B0050E7FF /* swiftLearning.app */,
				140444B61AE7BF5B0050E7FF /* swiftLearningTests.xctest */,
			);
			name = Products;
			sourceTree = "<group>";
		};
		140444A31AE7BF5B0050E7FF /* swiftLearning */ = {
			isa = PBXGroup;
			children = (
				140444A61AE7BF5B0050E7FF /* AppDelegate.swift */,
				140444A81AE7BF5B0050E7FF /* ViewController.swift */,
				140444AA1AE7BF5B0050E7FF /* Main.storyboard */,
				140444AD1AE7BF5B0050E7FF /* Images.xcassets */,
				140444AF1AE7BF5B0050E7FF /* LaunchScreen.xib */,
				140444A41AE7BF5B0050E7FF /* Supporting Files */,
			);
			path = swiftLearning;
			sourceTree = "<group>";
		};
		140444A41AE7BF5B0050E7FF /* Supporting Files */ = {
			isa = PBXGroup;
			children = (
				140444A51AE7BF5B0050E7FF /* Info.plist */,
			);
			name = "Supporting Files";
			sourceTree = "<group>";
		};
		140444B91AE7BF5B0050E7FF /* swiftLearningTests */ = {
			isa = PBXGroup;
			children = (
				140444BC1AE7BF5B0050E7FF /* swiftLearningTests.swift */,
				140444BA1AE7BF5B0050E7FF /* Supporting Files */,
			);
			path = swiftLearningTests;
			sourceTree = "<group>";
		};
		140444BA1AE7BF5B0050E7FF /* Supporting Files */ = {
			isa = PBXGroup;
			children = (
				140444BB1AE7BF5B0050E7FF /* Info.plist */,
			);
			name = "Supporting Files";
			sourceTree = "<group>";
		};
/* End PBXGroup section */

/* Begin PBXNativeTarget section */
		140444A01AE7BF5B0050E7FF /* swiftLearning */ = {
			isa = PBXNativeTarget;
			buildConfigurationList = 140444C01AE7BF5B0050E7FF /* Build configuration list for PBXNativeTarget "swiftLearning" */;
			buildPhases = (
				1404449D1AE7BF5B0050E7FF /* Sources */,
				1404449E1AE7BF5B0050E7FF /* Frameworks */,
				1404449F1AE7BF5B0050E7FF /* Resources */,
			);
			buildRules = (
			);
			dependencies = (
			);
			name = swiftLearning;
			productName = swiftLearning;
			productReference = 140444A11AE7BF5B0050E7FF /* swiftLearning.app */;
			productType = "com.apple.product-type.application";
		};
		140444B51AE7BF5B0050E7FF /* swiftLearningTests */ = {
			isa = PBXNativeTarget;
			buildConfigurationList = 140444C31AE7BF5B0050E7FF /* Build configuration list for PBXNativeTarget "swiftLearningTests" */;
			buildPhases = (
				140444B21AE7BF5B0050E7FF /* Sources */,
				140444B31AE7BF5B0050E7FF /* Frameworks */,
				140444B41AE7BF5B0050E7FF /* Resources */,
			);
			buildRules = (
			);
			dependencies = (
				140444B81AE7BF5B0050E7FF /* PBXTargetDependency */,
			);
			name = swiftLearningTests;
			productName = swiftLearningTests;
			productReference = 140444B61AE7BF5B0050E7FF /* swiftLearningTests.xctest */;
			productType = "com.apple.product-type.bundle.unit-test";
		};
/* End PBXNativeTarget section */

/* Begin PBXProject section */
		140444991AE7BF5B0050E7FF /* Project object */ = {
			isa = PBXProject;
			attributes = {
				LastUpgradeCheck = 0630;
				ORGANIZATIONNAME = liuxiangdong;
				TargetAttributes = {
					140444A01AE7BF5B0050E7FF = {
						CreatedOnToolsVersion = 6.3;
					};
					140444B51AE7BF5B0050E7FF = {
						CreatedOnToolsVersion = 6.3;
						TestTargetID = 140444A01AE7BF5B0050E7FF;
					};
				};
			};
			buildConfigurationList = 1404449C1AE7BF5B0050E7FF /* Build configuration list for PBXProject "swiftLearning" */;
			compatibilityVersion = "Xcode 3.2";
			developmentRegion = English;
			hasScannedForEncodings = 0;
			knownRegions = (
				en,
				Base,
			);
			mainGroup = 140444981AE7BF5B0050E7FF;
			productRefGroup = 140444A21AE7BF5B0050E7FF /* Products */;
			projectDirPath = "";
			projectRoot = "";
			targets = (
				140444A01AE7BF5B0050E7FF /* swiftLearning */,
				140444B51AE7BF5B0050E7FF /* swiftLearningTests */,
			);
		};
/* End PBXProject section */

/* Begin PBXResourcesBuildPhase section */
		1404449F1AE7BF5B0050E7FF /* Resources */ = {
			isa = PBXResourcesBuildPhase;
			buildActionMask = 2147483647;
			files = (
				140444AC1AE7BF5B0050E7FF /* Main.storyboard in Resources */,
				140444B11AE7BF5B0050E7FF /* LaunchScreen.xib in Resources */,
				140444AE1AE7BF5B0050E7FF /* Images.xcassets in Resources */,
			);
			runOnlyForDeploymentPostprocessing = 0;
		};
		140444B41AE7BF5B0050E7FF /* Resources */ = {
			isa = PBXResourcesBuildPhase;
			buildActionMask = 2147483647;
			files = (
			);
			runOnlyForDeploymentPostprocessing = 0;
		};
/* End PBXResourcesBuildPhase section */

/* Begin PBXSourcesBuildPhase section */
		1404449D1AE7BF5B0050E7FF /* Sources */ = {
			isa = PBXSourcesBuildPhase;
			buildActionMask = 2147483647;
			files = (
				140444A91AE7BF5B0050E7FF /* ViewController.swift in Sources */,
				140444A71AE7BF5B0050E7FF /* AppDelegate.swift in Sources */,
			);
			runOnlyForDeploymentPostprocessing = 0;
		};
		140444B21AE7BF5B0050E7FF /* Sources */ = {
			isa = PBXSourcesBuildPhase;
			buildActionMask = 2147483647;
			files = (
				140444BD1AE7BF5B0050E7FF /* swiftLearningTests.swift in Sources */,
			);
			runOnlyForDeploymentPostprocessing = 0;
		};
/* End PBXSourcesBuildPhase section */

/* Begin PBXTargetDependency section */
		140444B81AE7BF5B0050E7FF /* PBXTargetDependency */ = {
			isa = PBXTargetDependency;
			target = 140444A01AE7BF5B0050E7FF /* swiftLearning */;
			targetProxy = 140444B71AE7BF5B0050E7FF /* PBXContainerItemProxy */;
		};
/* End PBXTargetDependency section */

/* Begin PBXVariantGroup section */
		140444AA1AE7BF5B0050E7FF /* Main.storyboard */ = {
			isa = PBXVariantGroup;
			children = (
				140444AB1AE7BF5B0050E7FF /* Base */,
			);
			name = Main.storyboard;
			sourceTree = "<group>";
		};
		140444AF1AE7BF5B0050E7FF /* LaunchScreen.xib */ = {
			isa = PBXVariantGroup;
			children = (
				140444B01AE7BF5B0050E7FF /* Base */,
			);
			name = LaunchScreen.xib;
			sourceTree = "<group>";
		};
/* End PBXVariantGroup section */

/* Begin XCBuildConfiguration section */
		140444BE1AE7BF5B0050E7FF /* Debug */ = {
			isa = XCBuildConfiguration;
			buildSettings = {
				ALWAYS_SEARCH_USER_PATHS = NO;
				CLANG_CXX_LANGUAGE_STANDARD = "gnu++0x";
				CLANG_CXX_LIBRARY = "libc++";
				CLANG_ENABLE_MODULES = YES;
				CLANG_ENABLE_OBJC_ARC = YES;
				CLANG_WARN_BOOL_CONVERSION = YES;
				CLANG_WARN_CONSTANT_CONVERSION = YES;
				CLANG_WARN_DIRECT_OBJC_ISA_USAGE = YES_ERROR;
				CLANG_WARN_EMPTY_BODY = YES;
				CLANG_WARN_ENUM_CONVERSION = YES;
				CLANG_WARN_INT_CONVERSION = YES;
				CLANG_WARN_OBJC_ROOT_CLASS = YES_ERROR;
				CLANG_WARN_UNREACHABLE_CODE = YES;
				CLANG_WARN__DUPLICATE_METHOD_MATCH = YES;
				"CODE_SIGN_IDENTITY[sdk=iphoneos*]" = "iPhone Developer";
				COPY_PHASE_STRIP = NO;
				DEBUG_INFORMATION_FORMAT = "dwarf-with-dsym";
				ENABLE_STRICT_OBJC_MSGSEND = YES;
				GCC_C_LANGUAGE_STANDARD = gnu99;
				GCC_DYNAMIC_NO_PIC = NO;
				GCC_NO_COMMON_BLOCKS = YES;
				GCC_OPTIMIZATION_LEVEL = 0;
				GCC_PREPROCESSOR_DEFINITIONS = (
					"DEBUG=1",
					"$(inherited)",
				);
				GCC_SYMBOLS_PRIVATE_EXTERN = NO;
				GCC_WARN_64_TO_32_BIT_CONVERSION = YES;
				GCC_WARN_ABOUT_RETURN_TYPE = YES_ERROR;
				GCC_WARN_UNDECLARED_SELECTOR = YES;
				GCC_WARN_UNINITIALIZED_AUTOS = YES_AGGRESSIVE;
				GCC_WARN_UNUSED_FUNCTION = YES;
				GCC_WARN_UNUSED_VARIABLE = YES;
				IPHONEOS_DEPLOYMENT_TARGET = 8.3;
				MTL_ENABLE_DEBUG_INFO = YES;
				ONLY_ACTIVE_ARCH = YES;
				SDKROOT = iphoneos;
				SWIFT_OPTIMIZATION_LEVEL = "-Onone";
			};
			name = Debug;
		};
		140444BF1AE7BF5B0050E7FF /* Release */ = {
			isa = XCBuildConfiguration;
			buildSettings = {
				ALWAYS_SEARCH_USER_PATHS = NO;
				CLANG_CXX_LANGUAGE_STANDARD = "gnu++0x";
				CLANG_CXX_LIBRARY = "libc++";
				CLANG_ENABLE_MODULES = YES;
				CLANG_ENABLE_OBJC_ARC = YES;
				CLANG_WARN_BOOL_CONVERSION = YES;
				CLANG_WARN_CONSTANT_CONVERSION = YES;
				CLANG_WARN_DIRECT_OBJC_ISA_USAGE = YES_ERROR;
				CLANG_WARN_EMPTY_BODY = YES;
				CLANG_WARN_ENUM_CONVERSION = YES;
				CLANG_WARN_INT_CONVERSION = YES;
				CLANG_WARN_OBJC_ROOT_CLASS = YES_ERROR;
				CLANG_WARN_UNREACHABLE_CODE = YES;
				CLANG_WARN__DUPLICATE_METHOD_MATCH = YES;
				"CODE_SIGN_IDENTITY[sdk=iphoneos*]" = "iPhone Developer";
				COPY_PHASE_STRIP = NO;
				DEBUG_INFORMATION_FORMAT = "dwarf-with-dsym";
				ENABLE_NS_ASSERTIONS = NO;
				ENABLE_STRICT_OBJC_MSGSEND = YES;
				GCC_C_LANGUAGE_STANDARD = gnu99;
				GCC_NO_COMMON_BLOCKS = YES;
				GCC_WARN_64_TO_32_BIT_CONVERSION = YES;
				GCC_WARN_ABOUT_RETURN_TYPE = YES_ERROR;
				GCC_WARN_UNDECLARED_SELECTOR = YES;
				GCC_WARN_UNINITIALIZED_AUTOS = YES_AGGRESSIVE;
				GCC_WARN_UNUSED_FUNCTION = YES;
				GCC_WARN_UNUSED_VARIABLE = YES;
				IPHONEOS_DEPLOYMENT_TARGET = 8.3;
				MTL_ENABLE_DEBUG_INFO = NO;
				SDKROOT = iphoneos;
				VALIDATE_PRODUCT = YES;
			};
			name = Release;
		};
		140444C11AE7BF5B0050E7FF /* Debug */ = {
			isa = XCBuildConfiguration;
			buildSettings = {
				ASSETCATALOG_COMPILER_APPICON_NAME = AppIcon;
				INFOPLIST_FILE = swiftLearning/Info.plist;
				LD_RUNPATH_SEARCH_PATHS = "$(inherited) @executable_path/Frameworks";
				PRODUCT_NAME = "$(TARGET_NAME)";
			};
			name = Debug;
		};
		140444C21AE7BF5B0050E7FF /* Release */ = {
			isa = XCBuildConfiguration;
			buildSettings = {
				ASSETCATALOG_COMPILER_APPICON_NAME = AppIcon;
				INFOPLIST_FILE = swiftLearning/Info.plist;
				LD_RUNPATH_SEARCH_PATHS = "$(inherited) @executable_path/Frameworks";
				PRODUCT_NAME = "$(TARGET_NAME)";
			};
			name = Release;
		};
		140444C41AE7BF5B0050E7FF /* Debug */ = {
			isa = XCBuildConfiguration;
			buildSettings = {
				BUNDLE_LOADER = "$(TEST_HOST)";
				FRAMEWORK_SEARCH_PATHS = (
					"$(SDKROOT)/Developer/Library/Frameworks",
					"$(inherited)",
				);
				GCC_PREPROCESSOR_DEFINITIONS = (
					"DEBUG=1",
					"$(inherited)",
				);
				INFOPLIST_FILE = swiftLearningTests/Info.plist;
				LD_RUNPATH_SEARCH_PATHS = "$(inherited) @executable_path/Frameworks @loader_path/Frameworks";
				PRODUCT_NAME = "$(TARGET_NAME)";
				TEST_HOST = "$(BUILT_PRODUCTS_DIR)/swiftLearning.app/swiftLearning";
			};
			name = Debug;
		};
		140444C51AE7BF5B0050E7FF /* Release */ = {
			isa = XCBuildConfiguration;
			buildSettings = {
				BUNDLE_LOADER = "$(TEST_HOST)";
				FRAMEWORK_SEARCH_PATHS = (
					"$(SDKROOT)/Developer/Library/Frameworks",
					"$(inherited)",
				);
				INFOPLIST_FILE = swiftLearningTests/Info.plist;
				LD_RUNPATH_SEARCH_PATHS = "$(inherited) @executable_path/Frameworks @loader_path/Frameworks";
				PRODUCT_NAME = "$(TARGET_NAME)";
				TEST_HOST = "$(BUILT_PRODUCTS_DIR)/swiftLearning.app/swiftLearning";
			};
			name = Release;
		};
/* End XCBuildConfiguration section */

/* Begin XCConfigurationList section */
		1404449C1AE7BF5B0050E7FF /* Build configuration list for PBXProject "swiftLearning" */ = {
			isa = XCConfigurationList;
			buildConfigurations = (
				140444BE1AE7BF5B0050E7FF /* Debug */,
				140444BF1AE7BF5B0050E7FF /* Release */,
			);
			defaultConfigurationIsVisible = 0;
			defaultConfigurationName = Release;
		};
		140444C01AE7BF5B0050E7FF /* Build configuration list for PBXNativeTarget "swiftLearning" */ = {
			isa = XCConfigurationList;
			buildConfigurations = (
				140444C11AE7BF5B0050E7FF /* Debug */,
				140444C21AE7BF5B0050E7FF /* Release */,
			);
			defaultConfigurationIsVisible = 0;
		};
		140444C31AE7BF5B0050E7FF /* Build configuration list for PBXNativeTarget "swiftLearningTests" */ = {
			isa = XCConfigurationList;
			buildConfigurations = (
				140444C41AE7BF5B0050E7FF /* Debug */,
				140444C51AE7BF5B0050E7FF /* Release */,
			);
			defaultConfigurationIsVisible = 0;
		};
/* End XCConfigurationList section */
	};
	rootObject = 140444991AE7BF5B0050E7FF /* Project object */;
}
